
Microsoft Visual Studio Solution File, Format Version 12.00
# Visual Studio 15
VisualStudioVersion = 15.0.27703.2042
MinimumVisualStudioVersion = 10.0.40219.1
Project("{FAE04EC0-301F-11D3-BF4B-00C04F79EFBC}") = "AdventOfCode", "AdventOfCode\AdventOfCode.csproj", "{3AD9E1BD-5ED8-4A23-A009-479C8FCB2C3F}"
EndProject
Global
	GlobalSection(SolutionConfigurationPlatforms) = preSolution
		Debug|Any CPU = Debug|Any CPU
		Release|Any CPU = Release|Any CPU
	EndGlobalSection
	GlobalSection(ProjectConfigurationPlatforms) = postSolution
		{3AD9E1BD-5ED8-4A23-A009-479C8FCB2C3F}.Debug|Any CPU.ActiveCfg = Debug|Any CPU
		{3AD9E1BD-5ED8-4A23-A009-479C8FCB2C3F}.Debug|Any CPU.Build.0 = Debug|Any CPU
		{3AD9E1BD-5ED8-4A23-A009-479C8FCB2C3F}.Release|Any CPU.ActiveCfg = Release|Any CPU
		{3AD9E1BD-5ED8-4A23-A009-479C8FCB2C3F}.Release|Any CPU.Build.0 = Release|Any CPU
	EndGlobalSection
	GlobalSection(SolutionProperties) = preSolution
		HideSolutionNode = FALSE
	EndGlobalSection
	GlobalSection(ExtensibilityGlobals) = postSolution
		SolutionGuid = {A1708F53-5074-46EC-81C2-35C0CE201265}
	EndGlobalSection
EndGlobal
